PODS:
  - Alamofire (2.0.2)
  - Kingfisher (1.6.1)
  - Reveal-iOS-SDK (1.6.2)
  - SnapKit (0.15.0)
  - SwiftyJSON (2.3.2)
  - YYModel (1.0.3)

DEPENDENCIES:
  - Alamofire (~> 2.0)
  - Kingfisher (~> 1.6.0)
  - Reveal-iOS-SDK
  - SnapKit (~> 0.15.0)
  - SwiftyJSON
  - YYModel

SPEC CHECKSUMS:
  Alamofire: 8edbab00802a752bb5240cc2abe70e7e881488ad
  Kingfisher: a40cf8134ba1a78f395bdd3ee97d386ff3c3be0d
  Reveal-iOS-SDK: e2250b3c155bcfac53ae223ddc1f76d08f206c33
  SnapKit: 4962eed2ee18e48cbd2b2292fffc57efe7235f87
  SwiftyJSON: 04ccea08915aa0109039157c7974cf0298da292a
  YYModel: 63142c2f07c5c8c9d1c261689cf3827ea6ab2886

COCOAPODS: 0.39.0
